
Microsoft Visual Studio Solution File, Format Version 12.00
Project("{FAE04EC0-301F-11D3-BF4B-00C04F79EFBC}") = "TestProject", "TestProject\TestProject.csproj", "{6BD7417B-D16B-4FB7-B4D0-6F06D1D911A0}"
EndProject
Project("{FAE04EC0-301F-11D3-BF4B-00C04F79EFBC}") = "TestProjectTests", "TestProjectTests\TestProjectTests.csproj", "{ABD22037-5CC6-414C-A867-7972D9BF328D}"
EndProject
Global
	GlobalSection(SolutionConfigurationPlatforms) = preSolution
		Debug|Any CPU = Debug|Any CPU
		Release|Any CPU = Release|Any CPU
	EndGlobalSection
	GlobalSection(ProjectConfigurationPlatforms) = postSolution
		{6BD7417B-D16B-4FB7-B4D0-6F06D1D911A0}.Debug|Any CPU.ActiveCfg = Debug|Any CPU
		{6BD7417B-D16B-4FB7-B4D0-6F06D1D911A0}.Debug|Any CPU.Build.0 = Debug|Any CPU
		{6BD7417B-D16B-4FB7-B4D0-6F06D1D911A0}.Release|Any CPU.ActiveCfg = Release|Any CPU
		{6BD7417B-D16B-4FB7-B4D0-6F06D1D911A0}.Release|Any CPU.Build.0 = Release|Any CPU
		{ABD22037-5CC6-414C-A867-7972D9BF328D}.Debug|Any CPU.ActiveCfg = Debug|Any CPU
		{ABD22037-5CC6-414C-A867-7972D9BF328D}.Debug|Any CPU.Build.0 = Debug|Any CPU
		{ABD22037-5CC6-414C-A867-7972D9BF328D}.Release|Any CPU.ActiveCfg = Release|Any CPU
		{ABD22037-5CC6-414C-A867-7972D9BF328D}.Release|Any CPU.Build.0 = Release|Any CPU
	EndGlobalSection
EndGlobal
